
Microsoft Visual Studio Solution File, Format Version 12.00
# Visual Studio Version 16
VisualStudioVersion = 16.0.32428.217
MinimumVisualStudioVersion = 10.0.40219.1
Project("{FAE04EC0-301F-11D3-BF4B-00C04F79EFBC}") = "WpfApp3", "WpfApp3\WpfApp3.csproj", "{30A7D192-4235-47AF-A829-AA1B1C034AA2}"
EndProject
Global
	GlobalSection(SolutionConfigurationPlatforms) = preSolution
		Debug|Any CPU = Debug|Any CPU
		Release|Any CPU = Release|Any CPU
	EndGlobalSection
	GlobalSection(ProjectConfigurationPlatforms) = postSolution
		{30A7D192-4235-47AF-A829-AA1B1C034AA2}.Debug|Any CPU.ActiveCfg = Debug|Any CPU
		{30A7D192-4235-47AF-A829-AA1B1C034AA2}.Debug|Any CPU.Build.0 = Debug|Any CPU
		{30A7D192-4235-47AF-A829-AA1B1C034AA2}.Release|Any CPU.ActiveCfg = Release|Any CPU
		{30A7D192-4235-47AF-A829-AA1B1C034AA2}.Release|Any CPU.Build.0 = Release|Any CPU
	EndGlobalSection
	GlobalSection(SolutionProperties) = preSolution
		HideSolutionNode = FALSE
	EndGlobalSection
	GlobalSection(ExtensibilityGlobals) = postSolution
		SolutionGuid = {25249AD7-ED95-4CBF-9EFD-58E29C4CECEE}
	EndGlobalSection
EndGlobal
